{
  "name": "@the-bunch/leads-billos",
  "version": "0.1.0",
  "lockfileVersion": 3,
  "requires": true,
  "packages": {
    "": {
      "name": "@the-bunch/leads-billos",
      "version": "0.1.0",
      "dependencies": {
        "@hello-bill/node": "^2.8.3"
      },
      "engines": {
        "node": ">=20"
      }
    },
    "node_modules/@hello-bill/node": {
      "version": "2.8.3",
      "resolved": "https://registry.npmjs.org/@hello-bill/node/-/node-2.8.3.tgz",
      "integrity": "sha512-sQg8xzh7c1gz+KzOSnCWu1XQOVXBbl98WnXSWgmFgEBNDKp2aJqBULEJtto209EUJtGrbk03t4e4FHG4SPHWMw==",
      "license": "MIT",
      "engines": {
        "node": ">=20"
      },
      "peerDependencies": {
        "@koa/router": "^12.0.0 || ^13.0.0",
        "express": "^4.18.0 || ^5.0.0",
        "hono": "^4.0.0",
        "koa": "^2.13.0 || ^3.0.0",
        "next": "^14.0.0 || ^15.0.0"
      },
      "peerDependenciesMeta": {
        "@koa/router": {
          "optional": true
        },
        "express": {
          "optional": true
        },
        "hono": {
          "optional": true
        },
        "koa": {
          "optional": true
        },
        "next": {
          "optional": true
        }
      }
    }
  }
}
